
Microsoft Visual Studio Solution File, Format Version 12.00
# Visual Studio Version 16
VisualStudioVersion = 16.0.31105.61
MinimumVisualStudioVersion = 10.0.40219.1
Project("{FAE04EC0-301F-11D3-BF4B-00C04F79EFBC}") = "Trocar_linhas_impares", "Trocar_linhas_impares\Trocar_linhas_impares.csproj", "{78AE4BEF-047A-4546-80BF-A6AD02512E67}"
EndProject
Global
	GlobalSection(SolutionConfigurationPlatforms) = preSolution
		Debug|Any CPU = Debug|Any CPU
		Release|Any CPU = Release|Any CPU
	EndGlobalSection
	GlobalSection(ProjectConfigurationPlatforms) = postSolution
		{78AE4BEF-047A-4546-80BF-A6AD02512E67}.Debug|Any CPU.ActiveCfg = Debug|Any CPU
		{78AE4BEF-047A-4546-80BF-A6AD02512E67}.Debug|Any CPU.Build.0 = Debug|Any CPU
		{78AE4BEF-047A-4546-80BF-A6AD02512E67}.Release|Any CPU.ActiveCfg = Release|Any CPU
		{78AE4BEF-047A-4546-80BF-A6AD02512E67}.Release|Any CPU.Build.0 = Release|Any CPU
	EndGlobalSection
	GlobalSection(SolutionProperties) = preSolution
		HideSolutionNode = FALSE
	EndGlobalSection
	GlobalSection(ExtensibilityGlobals) = postSolution
		SolutionGuid = {67A15836-4BDD-47E4-B87D-E8A06A8D332C}
	EndGlobalSection
EndGlobal
